// !$*UTF8*$!
{
	archiveVersion = 1;
	classes = {
	};
	objectVersion = 51;
	objects = {

/* Begin PBXBuildFile section */
		049B8DFF24DB64AA00CFE6C7 /* AppDelegate.swift in Sources */ = {isa = PBXBuildFile; fileRef = 049B8DFE24DB64AA00CFE6C7 /* AppDelegate.swift */; };
		049B8E0124DB64AA00CFE6C7 /* SceneDelegate.swift in Sources */ = {isa = PBXBuildFile; fileRef = 049B8E0024DB64AA00CFE6C7 /* SceneDelegate.swift */; };
		049B8E0824DB64CA00CFE6C7 /* Assets.xcassets in Resources */ = {isa = PBXBuildFile; fileRef = 049B8E0724DB64CA00CFE6C7 /* Assets.xcassets */; };
		049B8E1624DB64CC00CFE6C7 /* MealAppTests.swift in Sources */ = {isa = PBXBuildFile; fileRef = 049B8E1524DB64CC00CFE6C7 /* MealAppTests.swift */; };
		049B8E2224DB66FE00CFE6C7 /* Constants.swift in Sources */ = {isa = PBXBuildFile; fileRef = 049B8E2124DB66FE00CFE6C7 /* Constants.swift */; };
		049B8E2524DB674900CFE6C7 /* MealDataManager.swift in Sources */ = {isa = PBXBuildFile; fileRef = 049B8E2424DB674900CFE6C7 /* MealDataManager.swift */; };
		049B8E2824DB677900CFE6C7 /* Coordinator.swift in Sources */ = {isa = PBXBuildFile; fileRef = 049B8E2724DB677900CFE6C7 /* Coordinator.swift */; };
		049B8E2A24DB679900CFE6C7 /* ApplicationCoordinator.swift in Sources */ = {isa = PBXBuildFile; fileRef = 049B8E2924DB679900CFE6C7 /* ApplicationCoordinator.swift */; };
		049B8E2C24DB67BF00CFE6C7 /* MealListCoordinator.swift in Sources */ = {isa = PBXBuildFile; fileRef = 049B8E2B24DB67BF00CFE6C7 /* MealListCoordinator.swift */; };
		049B8E2E24DB67F800CFE6C7 /* MealDetailCoordinator.swift in Sources */ = {isa = PBXBuildFile; fileRef = 049B8E2D24DB67F800CFE6C7 /* MealDetailCoordinator.swift */; };
		049B8E3124DB691600CFE6C7 /* Model.swift in Sources */ = {isa = PBXBuildFile; fileRef = 049B8E3024DB691600CFE6C7 /* Model.swift */; };
		049B8E3624DB699700CFE6C7 /* MealDetailViewController.swift in Sources */ = {isa = PBXBuildFile; fileRef = 049B8E3524DB699700CFE6C7 /* MealDetailViewController.swift */; };
		049B8E3824DB69CA00CFE6C7 /* MealListViewController.swift in Sources */ = {isa = PBXBuildFile; fileRef = 049B8E3724DB69CA00CFE6C7 /* MealListViewController.swift */; };
		E9C4C8FE3921013E02E2D8AB /* Pods_MealApp.framework in Frameworks */ = {isa = PBXBuildFile; fileRef = 83FCBE9BB557641FF544207A /* Pods_MealApp.framework */; };
/* End PBXBuildFile section */

/* Begin PBXContainerItemProxy section */
		049B8E1224DB64CB00CFE6C7 /* PBXContainerItemProxy */ = {
			isa = PBXContainerItemProxy;
			containerPortal = 049B8DF324DB64AA00CFE6C7 /* Project object */;
			proxyType = 1;
			remoteGlobalIDString = 049B8DFA24DB64AA00CFE6C7;
			remoteInfo = MealApp;
		};
/* End PBXContainerItemProxy section */

/* Begin PBXFileReference section */
		049B8DFB24DB64AA00CFE6C7 /* MealApp.app */ = {isa = PBXFileReference; explicitFileType = wrapper.application; includeInIndex = 0; path = MealApp.app; sourceTree = BUILT_PRODUCTS_DIR; };
		049B8DFE24DB64AA00CFE6C7 /* AppDelegate.swift */ = {isa = PBXFileReference; lastKnownFileType = sourcecode.swift; path = AppDelegate.swift; sourceTree = "<group>"; };
		049B8E0024DB64AA00CFE6C7 /* SceneDelegate.swift */ = {isa = PBXFileReference; lastKnownFileType = sourcecode.swift; path = SceneDelegate.swift; sourceTree = "<group>"; };
		049B8E0724DB64CA00CFE6C7 /* Assets.xcassets */ = {isa = PBXFileReference; lastKnownFileType = folder.assetcatalog; path = Assets.xcassets; sourceTree = "<group>"; };
		049B8E0C24DB64CA00CFE6C7 /* Info.plist */ = {isa = PBXFileReference; lastKnownFileType = text.plist.xml; path = Info.plist; sourceTree = "<group>"; };
		049B8E1124DB64CB00CFE6C7 /* MealAppTests.xctest */ = {isa = PBXFileReference; explicitFileType = wrapper.cfbundle; includeInIndex = 0; path = MealAppTests.xctest; sourceTree = BUILT_PRODUCTS_DIR; };
		049B8E1524DB64CC00CFE6C7 /* MealAppTests.swift */ = {isa = PBXFileReference; lastKnownFileType = sourcecode.swift; path = MealAppTests.swift; sourceTree = "<group>"; };
		049B8E1724DB64CC00CFE6C7 /* Info.plist */ = {isa = PBXFileReference; lastKnownFileType = text.plist.xml; path = Info.plist; sourceTree = "<group>"; };
		049B8E2124DB66FE00CFE6C7 /* Constants.swift */ = {isa = PBXFileReference; lastKnownFileType = sourcecode.swift; path = Constants.swift; sourceTree = "<group>"; };
		049B8E2424DB674900CFE6C7 /* MealDataManager.swift */ = {isa = PBXFileReference; lastKnownFileType = sourcecode.swift; path = MealDataManager.swift; sourceTree = "<group>"; };
		049B8E2724DB677900CFE6C7 /* Coordinator.swift */ = {isa = PBXFileReference; lastKnownFileType = sourcecode.swift; path = Coordinator.swift; sourceTree = "<group>"; };
		049B8E2924DB679900CFE6C7 /* ApplicationCoordinator.swift */ = {isa = PBXFileReference; lastKnownFileType = sourcecode.swift; path = ApplicationCoordinator.swift; sourceTree = "<group>"; };
		049B8E2B24DB67BF00CFE6C7 /* MealListCoordinator.swift */ = {isa = PBXFileReference; lastKnownFileType = sourcecode.swift; path = MealListCoordinator.swift; sourceTree = "<group>"; };
		049B8E2D24DB67F800CFE6C7 /* MealDetailCoordinator.swift */ = {isa = PBXFileReference; lastKnownFileType = sourcecode.swift; path = MealDetailCoordinator.swift; sourceTree = "<group>"; };
		049B8E3024DB691600CFE6C7 /* Model.swift */ = {isa = PBXFileReference; lastKnownFileType = sourcecode.swift; path = Model.swift; sourceTree = "<group>"; };
		049B8E3524DB699700CFE6C7 /* MealDetailViewController.swift */ = {isa = PBXFileReference; lastKnownFileType = sourcecode.swift; path = MealDetailViewController.swift; sourceTree = "<group>"; };
		049B8E3724DB69CA00CFE6C7 /* MealListViewController.swift */ = {isa = PBXFileReference; lastKnownFileType = sourcecode.swift; path = MealListViewController.swift; sourceTree = "<group>"; };
		83FCBE9BB557641FF544207A /* Pods_MealApp.framework */ = {isa = PBXFileReference; explicitFileType = wrapper.framework; includeInIndex = 0; path = Pods_MealApp.framework; sourceTree = BUILT_PRODUCTS_DIR; };
		8BBE53A3041E0BEF4F88B048 /* Pods-MealApp.debug.xcconfig */ = {isa = PBXFileReference; includeInIndex = 1; lastKnownFileType = text.xcconfig; name = "Pods-MealApp.debug.xcconfig"; path = "Target Support Files/Pods-MealApp/Pods-MealApp.debug.xcconfig"; sourceTree = "<group>"; };
		A712A8955FDAAF80E9FB467D /* Pods-MealApp.release.xcconfig */ = {isa = PBXFileReference; includeInIndex = 1; lastKnownFileType = text.xcconfig; name = "Pods-MealApp.release.xcconfig"; path = "Target Support Files/Pods-MealApp/Pods-MealApp.release.xcconfig"; sourceTree = "<group>"; };
/* End PBXFileReference section */

/* Begin PBXFrameworksBuildPhase section */
		049B8DF824DB64AA00CFE6C7 /* Frameworks */ = {
			isa = PBXFrameworksBuildPhase;
			buildActionMask = 2147483647;
			files = (
				E9C4C8FE3921013E02E2D8AB /* Pods_MealApp.framework in Frameworks */,
			);
			runOnlyForDeploymentPostprocessing = 0;
		};
		049B8E0E24DB64CB00CFE6C7 /* Frameworks */ = {
			isa = PBXFrameworksBuildPhase;
			buildActionMask = 2147483647;
			files = (
			);
			runOnlyForDeploymentPostprocessing = 0;
		};
/* End PBXFrameworksBuildPhase section */

/* Begin PBXGroup section */
		049B8DF224DB64AA00CFE6C7 = {
			isa = PBXGroup;
			children = (
				049B8DFD24DB64AA00CFE6C7 /* MealApp */,
				049B8E1424DB64CB00CFE6C7 /* MealAppTests */,
				049B8DFC24DB64AA00CFE6C7 /* Products */,
				E1A0EDC7142760B98E675FB7 /* Pods */,
				BC33F7499BBF1B2A284A9453 /* Frameworks */,
			);
			sourceTree = "<group>";
		};
		049B8DFC24DB64AA00CFE6C7 /* Products */ = {
			isa = PBXGroup;
			children = (
				049B8DFB24DB64AA00CFE6C7 /* MealApp.app */,
				049B8E1124DB64CB00CFE6C7 /* MealAppTests.xctest */,
			);
			name = Products;
			sourceTree = "<group>";
		};
		049B8DFD24DB64AA00CFE6C7 /* MealApp */ = {
			isa = PBXGroup;
			children = (
				049B8E3224DB695C00CFE6C7 /* View */,
				049B8E2F24DB690300CFE6C7 /* Model */,
				049B8E2624DB676700CFE6C7 /* Protocols */,
				049B8E2324DB672500CFE6C7 /* Networking */,
				049B8E2024DB66CD00CFE6C7 /* Utils */,
				049B8DFE24DB64AA00CFE6C7 /* AppDelegate.swift */,
				049B8E0024DB64AA00CFE6C7 /* SceneDelegate.swift */,
				049B8E0724DB64CA00CFE6C7 /* Assets.xcassets */,
				049B8E0C24DB64CA00CFE6C7 /* Info.plist */,
			);
			path = MealApp;
			sourceTree = "<group>";
		};
		049B8E1424DB64CB00CFE6C7 /* MealAppTests */ = {
			isa = PBXGroup;
			children = (
				049B8E1524DB64CC00CFE6C7 /* MealAppTests.swift */,
				049B8E1724DB64CC00CFE6C7 /* Info.plist */,
			);
			path = MealAppTests;
			sourceTree = "<group>";
		};
		049B8E2024DB66CD00CFE6C7 /* Utils */ = {
			isa = PBXGroup;
			children = (
				049B8E2124DB66FE00CFE6C7 /* Constants.swift */,
			);
			name = Utils;
			path = "New Group";
			sourceTree = "<group>";
		};
		049B8E2324DB672500CFE6C7 /* Networking */ = {
			isa = PBXGroup;
			children = (
				049B8E2424DB674900CFE6C7 /* MealDataManager.swift */,
			);
			name = Networking;
			path = "New Group1";
			sourceTree = "<group>";
		};
		049B8E2624DB676700CFE6C7 /* Protocols */ = {
			isa = PBXGroup;
			children = (
				049B8E2724DB677900CFE6C7 /* Coordinator.swift */,
				049B8E2924DB679900CFE6C7 /* ApplicationCoordinator.swift */,
				049B8E2B24DB67BF00CFE6C7 /* MealListCoordinator.swift */,
				049B8E2D24DB67F800CFE6C7 /* MealDetailCoordinator.swift */,
			);
			path = Protocols;
			sourceTree = "<group>";
		};
		049B8E2F24DB690300CFE6C7 /* Model */ = {
			isa = PBXGroup;
			children = (
				049B8E3024DB691600CFE6C7 /* Model.swift */,
			);
			path = Model;
			sourceTree = "<group>";
		};
		049B8E3224DB695C00CFE6C7 /* View */ = {
			isa = PBXGroup;
			children = (
				049B8E3424DB697C00CFE6C7 /* MealList */,
				049B8E3324DB697000CFE6C7 /* MealDetail */,
			);
			path = View;
			sourceTree = "<group>";
		};
		049B8E3324DB697000CFE6C7 /* MealDetail */ = {
			isa = PBXGroup;
			children = (
				049B8E3524DB699700CFE6C7 /* MealDetailViewController.swift */,
			);
			path = MealDetail;
			sourceTree = "<group>";
		};
		049B8E3424DB697C00CFE6C7 /* MealList */ = {
			isa = PBXGroup;
			children = (
				049B8E3724DB69CA00CFE6C7 /* MealListViewController.swift */,
			);
			path = MealList;
			sourceTree = "<group>";
		};
		BC33F7499BBF1B2A284A9453 /* Frameworks */ = {
			isa = PBXGroup;
			children = (
				83FCBE9BB557641FF544207A /* Pods_MealApp.framework */,
			);
			name = Frameworks;
			sourceTree = "<group>";
		};
		E1A0EDC7142760B98E675FB7 /* Pods */ = {
			isa = PBXGroup;
			children = (
				8BBE53A3041E0BEF4F88B048 /* Pods-MealApp.debug.xcconfig */,
				A712A8955FDAAF80E9FB467D /* Pods-MealApp.release.xcconfig */,
			);
			path = Pods;
			sourceTree = "<group>";
		};
/* End PBXGroup section */

/* Begin PBXNativeTarget section */
		049B8DFA24DB64AA00CFE6C7 /* MealApp */ = {
			isa = PBXNativeTarget;
			buildConfigurationList = 049B8E1A24DB64CC00CFE6C7 /* Build configuration list for PBXNativeTarget "MealApp" */;
			buildPhases = (
				78A15358AA6E3F176D466DD7 /* [CP] Check Pods Manifest.lock */,
				049B8DF724DB64AA00CFE6C7 /* Sources */,
				049B8DF824DB64AA00CFE6C7 /* Frameworks */,
				049B8DF924DB64AA00CFE6C7 /* Resources */,
				F78C3DC94F4F558415ADC673 /* [CP] Embed Pods Frameworks */,
			);
			buildRules = (
			);
			dependencies = (
			);
			name = MealApp;
			productName = MealApp;
			productReference = 049B8DFB24DB64AA00CFE6C7 /* MealApp.app */;
			productType = "com.apple.product-type.application";
		};
		049B8E1024DB64CB00CFE6C7 /* MealAppTests */ = {
			isa = PBXNativeTarget;
			buildConfigurationList = 049B8E1D24DB64CC00CFE6C7 /* Build configuration list for PBXNativeTarget "MealAppTests" */;
			buildPhases = (
				049B8E0D24DB64CB00CFE6C7 /* Sources */,
				049B8E0E24DB64CB00CFE6C7 /* Frameworks */,
				049B8E0F24DB64CB00CFE6C7 /* Resources */,
			);
			buildRules = (
			);
			dependencies = (
				049B8E1324DB64CB00CFE6C7 /* PBXTargetDependency */,
			);
			name = MealAppTests;
			productName = MealAppTests;
			productReference = 049B8E1124DB64CB00CFE6C7 /* MealAppTests.xctest */;
			productType = "com.apple.product-type.bundle.unit-test";
		};
/* End PBXNativeTarget section */

/* Begin PBXProject section */
		049B8DF324DB64AA00CFE6C7 /* Project object */ = {
			isa = PBXProject;
			attributes = {
				LastSwiftUpdateCheck = 1160;
				LastUpgradeCheck = 1160;
				ORGANIZATIONNAME = "Rodrigo Camara Robles";
				TargetAttributes = {
					049B8DFA24DB64AA00CFE6C7 = {
						CreatedOnToolsVersion = 11.6;
					};
					049B8E1024DB64CB00CFE6C7 = {
						CreatedOnToolsVersion = 11.6;
						TestTargetID = 049B8DFA24DB64AA00CFE6C7;
					};
				};
			};
			buildConfigurationList = 049B8DF624DB64AA00CFE6C7 /* Build configuration list for PBXProject "MealApp" */;
			compatibilityVersion = "Xcode 9.3";
			developmentRegion = en;
			hasScannedForEncodings = 0;
			knownRegions = (
				en,
				Base,
			);
			mainGroup = 049B8DF224DB64AA00CFE6C7;
			productRefGroup = 049B8DFC24DB64AA00CFE6C7 /* Products */;
			projectDirPath = "";
			projectRoot = "";
			targets = (
				049B8DFA24DB64AA00CFE6C7 /* MealApp */,
				049B8E1024DB64CB00CFE6C7 /* MealAppTests */,
			);
		};
/* End PBXProject section */

/* Begin PBXResourcesBuildPhase section */
		049B8DF924DB64AA00CFE6C7 /* Resources */ = {
			isa = PBXResourcesBuildPhase;
			buildActionMask = 2147483647;
			files = (
				049B8E0824DB64CA00CFE6C7 /* Assets.xcassets in Resources */,
			);
			runOnlyForDeploymentPostprocessing = 0;
		};
		049B8E0F24DB64CB00CFE6C7 /* Resources */ = {
			isa = PBXResourcesBuildPhase;
			buildActionMask = 2147483647;
			files = (
			);
			runOnlyForDeploymentPostprocessing = 0;
		};
/* End PBXResourcesBuildPhase section */

/* Begin PBXShellScriptBuildPhase section */
		78A15358AA6E3F176D466DD7 /* [CP] Check Pods Manifest.lock */ = {
			isa = PBXShellScriptBuildPhase;
			buildActionMask = 2147483647;
			files = (
			);
			inputFileListPaths = (
			);
			inputPaths = (
				"${PODS_PODFILE_DIR_PATH}/Podfile.lock",
				"${PODS_ROOT}/Manifest.lock",
			);
			name = "[CP] Check Pods Manifest.lock";
			outputFileListPaths = (
			);
			outputPaths = (
				"$(DERIVED_FILE_DIR)/Pods-MealApp-checkManifestLockResult.txt",
			);
			runOnlyForDeploymentPostprocessing = 0;
			shellPath = /bin/sh;
			shellScript = "diff \"${PODS_PODFILE_DIR_PATH}/Podfile.lock\" \"${PODS_ROOT}/Manifest.lock\" > /dev/null\nif [ $? != 0 ] ; then\n    # print error to STDERR\n    echo \"error: The sandbox is not in sync with the Podfile.lock. Run 'pod install' or update your CocoaPods installation.\" >&2\n    exit 1\nfi\n# This output is used by Xcode 'outputs' to avoid re-running this script phase.\necho \"SUCCESS\" > \"${SCRIPT_OUTPUT_FILE_0}\"\n";
			showEnvVarsInLog = 0;
		};
		F78C3DC94F4F558415ADC673 /* [CP] Embed Pods Frameworks */ = {
			isa = PBXShellScriptBuildPhase;
			buildActionMask = 2147483647;
			files = (
			);
			inputFileListPaths = (
				"${PODS_ROOT}/Target Support Files/Pods-MealApp/Pods-MealApp-frameworks-${CONFIGURATION}-input-files.xcfilelist",
			);
			name = "[CP] Embed Pods Frameworks";
			outputFileListPaths = (
				"${PODS_ROOT}/Target Support Files/Pods-MealApp/Pods-MealApp-frameworks-${CONFIGURATION}-output-files.xcfilelist",
			);
			runOnlyForDeploymentPostprocessing = 0;
			shellPath = /bin/sh;
			shellScript = "\"${PODS_ROOT}/Target Support Files/Pods-MealApp/Pods-MealApp-frameworks.sh\"\n";
			showEnvVarsInLog = 0;
		};
/* End PBXShellScriptBuildPhase section */

/* Begin PBXSourcesBuildPhase section */
		049B8DF724DB64AA00CFE6C7 /* Sources */ = {
			isa = PBXSourcesBuildPhase;
			buildActionMask = 2147483647;
			files = (
				049B8E3124DB691600CFE6C7 /* Model.swift in Sources */,
				049B8E2524DB674900CFE6C7 /* MealDataManager.swift in Sources */,
				049B8E2C24DB67BF00CFE6C7 /* MealListCoordinator.swift in Sources */,
				049B8E3824DB69CA00CFE6C7 /* MealListViewController.swift in Sources */,
				049B8DFF24DB64AA00CFE6C7 /* AppDelegate.swift in Sources */,
				049B8E2824DB677900CFE6C7 /* Coordinator.swift in Sources */,
				049B8E2E24DB67F800CFE6C7 /* MealDetailCoordinator.swift in Sources */,
				049B8E0124DB64AA00CFE6C7 /* SceneDelegate.swift in Sources */,
				049B8E2224DB66FE00CFE6C7 /* Constants.swift in Sources */,
				049B8E3624DB699700CFE6C7 /* MealDetailViewController.swift in Sources */,
				049B8E2A24DB679900CFE6C7 /* ApplicationCoordinator.swift in Sources */,
			);
			runOnlyForDeploymentPostprocessing = 0;
		};
		049B8E0D24DB64CB00CFE6C7 /* Sources */ = {
			isa = PBXSourcesBuildPhase;
			buildActionMask = 2147483647;
			files = (
				049B8E1624DB64CC00CFE6C7 /* MealAppTests.swift in Sources */,
			);
			runOnlyForDeploymentPostprocessing = 0;
		};
/* End PBXSourcesBuildPhase section */

/* Begin PBXTargetDependency section */
		049B8E1324DB64CB00CFE6C7 /* PBXTargetDependency */ = {
			isa = PBXTargetDependency;
			target = 049B8DFA24DB64AA00CFE6C7 /* MealApp */;
			targetProxy = 049B8E1224DB64CB00CFE6C7 /* PBXContainerItemProxy */;
		};
/* End PBXTargetDependency section */

/* Begin XCBuildConfiguration section */
		049B8E1824DB64CC00CFE6C7 /* Debug */ = {
			isa = XCBuildConfiguration;
			buildSettings = {
				ALWAYS_SEARCH_USER_PATHS = NO;
				CLANG_ANALYZER_NONNULL = YES;
				CLANG_ANALYZER_NUMBER_OBJECT_CONVERSION = YES_AGGRESSIVE;
				CLANG_CXX_LANGUAGE_STANDARD = "gnu++14";
				CLANG_CXX_LIBRARY = "libc++";
				CLANG_ENABLE_MODULES = YES;
				CLANG_ENABLE_OBJC_ARC = YES;
				CLANG_ENABLE_OBJC_WEAK = YES;
				CLANG_WARN_BLOCK_CAPTURE_AUTORELEASING = YES;
				CLANG_WARN_BOOL_CONVERSION = YES;
				CLANG_WARN_COMMA = YES;
				CLANG_WARN_CONSTANT_CONVERSION = YES;
				CLANG_WARN_DEPRECATED_OBJC_IMPLEMENTATIONS = YES;
				CLANG_WARN_DIRECT_OBJC_ISA_USAGE = YES_ERROR;
				CLANG_WARN_DOCUMENTATION_COMMENTS = YES;
				CLANG_WARN_EMPTY_BODY = YES;
				CLANG_WARN_ENUM_CONVERSION = YES;
				CLANG_WARN_INFINITE_RECURSION = YES;
				CLANG_WARN_INT_CONVERSION = YES;
				CLANG_WARN_NON_LITERAL_NULL_CONVERSION = YES;
				CLANG_WARN_OBJC_IMPLICIT_RETAIN_SELF = YES;
				CLANG_WARN_OBJC_LITERAL_CONVERSION = YES;
				CLANG_WARN_OBJC_ROOT_CLASS = YES_ERROR;
				CLANG_WARN_RANGE_LOOP_ANALYSIS = YES;
				CLANG_WARN_STRICT_PROTOTYPES = YES;
				CLANG_WARN_SUSPICIOUS_MOVE = YES;
				CLANG_WARN_UNGUARDED_AVAILABILITY = YES_AGGRESSIVE;
				CLANG_WARN_UNREACHABLE_CODE = YES;
				CLANG_WARN__DUPLICATE_METHOD_MATCH = YES;
				COPY_PHASE_STRIP = NO;
				DEBUG_INFORMATION_FORMAT = dwarf;
				ENABLE_STRICT_OBJC_MSGSEND = YES;
				ENABLE_TESTABILITY = YES;
				GCC_C_LANGUAGE_STANDARD = gnu11;
				GCC_DYNAMIC_NO_PIC = NO;
				GCC_NO_COMMON_BLOCKS = YES;
				GCC_OPTIMIZATION_LEVEL = 0;
				GCC_PREPROCESSOR_DEFINITIONS = (
					"DEBUG=1",
					"$(inherited)",
				);
				GCC_WARN_64_TO_32_BIT_CONVERSION = YES;
				GCC_WARN_ABOUT_RETURN_TYPE = YES_ERROR;
				GCC_WARN_UNDECLARED_SELECTOR = YES;
				GCC_WARN_UNINITIALIZED_AUTOS = YES_AGGRESSIVE;
				GCC_WARN_UNUSED_FUNCTION = YES;
				GCC_WARN_UNUSED_VARIABLE = YES;
				IPHONEOS_DEPLOYMENT_TARGET = 13.6;
				MTL_ENABLE_DEBUG_INFO = INCLUDE_SOURCE;
				MTL_FAST_MATH = YES;
				ONLY_ACTIVE_ARCH = YES;
				SDKROOT = iphoneos;
				SWIFT_ACTIVE_COMPILATION_CONDITIONS = DEBUG;
				SWIFT_OPTIMIZATION_LEVEL = "-Onone";
			};
			name = Debug;
		};
		049B8E1924DB64CC00CFE6C7 /* Release */ = {
			isa = XCBuildConfiguration;
			buildSettings = {
				ALWAYS_SEARCH_USER_PATHS = NO;
				CLANG_ANALYZER_NONNULL = YES;
				CLANG_ANALYZER_NUMBER_OBJECT_CONVERSION = YES_AGGRESSIVE;
				CLANG_CXX_LANGUAGE_STANDARD = "gnu++14";
				CLANG_CXX_LIBRARY = "libc++";
				CLANG_ENABLE_MODULES = YES;
				CLANG_ENABLE_OBJC_ARC = YES;
				CLANG_ENABLE_OBJC_WEAK = YES;
				CLANG_WARN_BLOCK_CAPTURE_AUTORELEASING = YES;
				CLANG_WARN_BOOL_CONVERSION = YES;
				CLANG_WARN_COMMA = YES;
				CLANG_WARN_CONSTANT_CONVERSION = YES;
				CLANG_WARN_DEPRECATED_OBJC_IMPLEMENTATIONS = YES;
				CLANG_WARN_DIRECT_OBJC_ISA_USAGE = YES_ERROR;
				CLANG_WARN_DOCUMENTATION_COMMENTS = YES;
				CLANG_WARN_EMPTY_BODY = YES;
				CLANG_WARN_ENUM_CONVERSION = YES;
				CLANG_WARN_INFINITE_RECURSION = YES;
				CLANG_WARN_INT_CONVERSION = YES;
				CLANG_WARN_NON_LITERAL_NULL_CONVERSION = YES;
				CLANG_WARN_OBJC_IMPLICIT_RETAIN_SELF = YES;
				CLANG_WARN_OBJC_LITERAL_CONVERSION = YES;
				CLANG_WARN_OBJC_ROOT_CLASS = YES_ERROR;
				CLANG_WARN_RANGE_LOOP_ANALYSIS = YES;
				CLANG_WARN_STRICT_PROTOTYPES = YES;
				CLANG_WARN_SUSPICIOUS_MOVE = YES;
				CLANG_WARN_UNGUARDED_AVAILABILITY = YES_AGGRESSIVE;
				CLANG_WARN_UNREACHABLE_CODE = YES;
				CLANG_WARN__DUPLICATE_METHOD_MATCH = YES;
				COPY_PHASE_STRIP = NO;
				DEBUG_INFORMATION_FORMAT = "dwarf-with-dsym";
				ENABLE_NS_ASSERTIONS = NO;
				ENABLE_STRICT_OBJC_MSGSEND = YES;
				GCC_C_LANGUAGE_STANDARD = gnu11;
				GCC_NO_COMMON_BLOCKS = YES;
				GCC_WARN_64_TO_32_BIT_CONVERSION = YES;
				GCC_WARN_ABOUT_RETURN_TYPE = YES_ERROR;
				GCC_WARN_UNDECLARED_SELECTOR = YES;
				GCC_WARN_UNINITIALIZED_AUTOS = YES_AGGRESSIVE;
				GCC_WARN_UNUSED_FUNCTION = YES;
				GCC_WARN_UNUSED_VARIABLE = YES;
				IPHONEOS_DEPLOYMENT_TARGET = 13.6;
				MTL_ENABLE_DEBUG_INFO = NO;
				MTL_FAST_MATH = YES;
				SDKROOT = iphoneos;
				SWIFT_COMPILATION_MODE = wholemodule;
				SWIFT_OPTIMIZATION_LEVEL = "-O";
				VALIDATE_PRODUCT = YES;
			};
			name = Release;
		};
		049B8E1B24DB64CC00CFE6C7 /* Debug */ = {
			isa = XCBuildConfiguration;
			baseConfigurationReference = 8BBE53A3041E0BEF4F88B048 /* Pods-MealApp.debug.xcconfig */;
			buildSettings = {
				ASSETCATALOG_COMPILER_APPICON_NAME = AppIcon;
				CODE_SIGN_STYLE = Automatic;
				DEVELOPMENT_TEAM = GR7ZRGZV7S;
				INFOPLIST_FILE = MealApp/Info.plist;
				LD_RUNPATH_SEARCH_PATHS = (
					"$(inherited)",
					"@executable_path/Frameworks",
				);
				PRODUCT_BUNDLE_IDENTIFIER = com.rodricamara.MealApp;
				PRODUCT_NAME = "$(TARGET_NAME)";
				SWIFT_VERSION = 5.0;
				TARGETED_DEVICE_FAMILY = "1,2";
			};
			name = Debug;
		};
		049B8E1C24DB64CC00CFE6C7 /* Release */ = {
			isa = XCBuildConfiguration;
			baseConfigurationReference = A712A8955FDAAF80E9FB467D /* Pods-MealApp.release.xcconfig */;
			buildSettings = {
				ASSETCATALOG_COMPILER_APPICON_NAME = AppIcon;
				CODE_SIGN_STYLE = Automatic;
				DEVELOPMENT_TEAM = GR7ZRGZV7S;
				INFOPLIST_FILE = MealApp/Info.plist;
				LD_RUNPATH_SEARCH_PATHS = (
					"$(inherited)",
					"@executable_path/Frameworks",
				);
				PRODUCT_BUNDLE_IDENTIFIER = com.rodricamara.MealApp;
				PRODUCT_NAME = "$(TARGET_NAME)";
				SWIFT_VERSION = 5.0;
				TARGETED_DEVICE_FAMILY = "1,2";
			};
			name = Release;
		};
		049B8E1E24DB64CC00CFE6C7 /* Debug */ = {
			isa = XCBuildConfiguration;
			buildSettings = {
				ALWAYS_EMBED_SWIFT_STANDARD_LIBRARIES = YES;
				BUNDLE_LOADER = "$(TEST_HOST)";
				CODE_SIGN_STYLE = Automatic;
				DEVELOPMENT_TEAM = GR7ZRGZV7S;
				INFOPLIST_FILE = MealAppTests/Info.plist;
				IPHONEOS_DEPLOYMENT_TARGET = 13.6;
				LD_RUNPATH_SEARCH_PATHS = (
					"$(inherited)",
					"@executable_path/Frameworks",
					"@loader_path/Frameworks",
				);
				PRODUCT_BUNDLE_IDENTIFIER = com.rodricamara.MealAppTests;
				PRODUCT_NAME = "$(TARGET_NAME)";
				SWIFT_VERSION = 5.0;
				TARGETED_DEVICE_FAMILY = "1,2";
				TEST_HOST = "$(BUILT_PRODUCTS_DIR)/MealApp.app/MealApp";
			};
			name = Debug;
		};
		049B8E1F24DB64CC00CFE6C7 /* Release */ = {
			isa = XCBuildConfiguration;
			buildSettings = {
				ALWAYS_EMBED_SWIFT_STANDARD_LIBRARIES = YES;
				BUNDLE_LOADER = "$(TEST_HOST)";
				CODE_SIGN_STYLE = Automatic;
				DEVELOPMENT_TEAM = GR7ZRGZV7S;
				INFOPLIST_FILE = MealAppTests/Info.plist;
				IPHONEOS_DEPLOYMENT_TARGET = 13.6;
				LD_RUNPATH_SEARCH_PATHS = (
					"$(inherited)",
					"@executable_path/Frameworks",
					"@loader_path/Frameworks",
				);
				PRODUCT_BUNDLE_IDENTIFIER = com.rodricamara.MealAppTests;
				PRODUCT_NAME = "$(TARGET_NAME)";
				SWIFT_VERSION = 5.0;
				TARGETED_DEVICE_FAMILY = "1,2";
				TEST_HOST = "$(BUILT_PRODUCTS_DIR)/MealApp.app/MealApp";
			};
			name = Release;
		};
/* End XCBuildConfiguration section */

/* Begin XCConfigurationList section */
		049B8DF624DB64AA00CFE6C7 /* Build configuration list for PBXProject "MealApp" */ = {
			isa = XCConfigurationList;
			buildConfigurations = (
				049B8E1824DB64CC00CFE6C7 /* Debug */,
				049B8E1924DB64CC00CFE6C7 /* Release */,
			);
			defaultConfigurationIsVisible = 0;
			defaultConfigurationName = Release;
		};
		049B8E1A24DB64CC00CFE6C7 /* Build configuration list for PBXNativeTarget "MealApp" */ = {
			isa = XCConfigurationList;
			buildConfigurations = (
				049B8E1B24DB64CC00CFE6C7 /* Debug */,
				049B8E1C24DB64CC00CFE6C7 /* Release */,
			);
			defaultConfigurationIsVisible = 0;
			defaultConfigurationName = Release;
		};
		049B8E1D24DB64CC00CFE6C7 /* Build configuration list for PBXNativeTarget "MealAppTests" */ = {
			isa = XCConfigurationList;
			buildConfigurations = (
				049B8E1E24DB64CC00CFE6C7 /* Debug */,
				049B8E1F24DB64CC00CFE6C7 /* Release */,
			);
			defaultConfigurationIsVisible = 0;
			defaultConfigurationName = Release;
		};
/* End XCConfigurationList section */
	};
	rootObject = 049B8DF324DB64AA00CFE6C7 /* Project object */;
}
